
Microsoft Visual Studio Solution File, Format Version 12.00
# Visual Studio 15
VisualStudioVersion = 15.0.28010.2036
MinimumVisualStudioVersion = 10.0.40219.1
Project("{FAE04EC0-301F-11D3-BF4B-00C04F79EFBC}") = "mca", "mca.csproj", "{6A11B376-103C-4B88-8A31-16BB19AE9670}"
EndProject
Global
	GlobalSection(SolutionConfigurationPlatforms) = preSolution
		Debug|Any CPU = Debug|Any CPU
		Release|Any CPU = Release|Any CPU
	EndGlobalSection
	GlobalSection(ProjectConfigurationPlatforms) = postSolution
		{6A11B376-103C-4B88-8A31-16BB19AE9670}.Debug|Any CPU.ActiveCfg = Debug|Any CPU
		{6A11B376-103C-4B88-8A31-16BB19AE9670}.Debug|Any CPU.Build.0 = Debug|Any CPU
		{6A11B376-103C-4B88-8A31-16BB19AE9670}.Release|Any CPU.ActiveCfg = Release|Any CPU
		{6A11B376-103C-4B88-8A31-16BB19AE9670}.Release|Any CPU.Build.0 = Release|Any CPU
	EndGlobalSection
	GlobalSection(SolutionProperties) = preSolution
		HideSolutionNode = FALSE
	EndGlobalSection
	GlobalSection(ExtensibilityGlobals) = postSolution
		SolutionGuid = {15911B55-0F7F-4DB6-AA3D-6E33BC2835AE}
	EndGlobalSection
EndGlobal
